
Microsoft Visual Studio Solution File, Format Version 12.00
# Visual Studio Version 17
VisualStudioVersion = 17.1.32414.318
MinimumVisualStudioVersion = 10.0.40219.1
Project("{FAE04EC0-301F-11D3-BF4B-00C04F79EFBC}") = "ADSKCloudViewer", "ADSKCloudViewer.csproj", "{43263DC1-F38F-42A2-9655-91A25BBEF17D}"
EndProject
Global
	GlobalSection(SolutionConfigurationPlatforms) = preSolution
		Debug|Any CPU = Debug|Any CPU
		Release|Any CPU = Release|Any CPU
	EndGlobalSection
	GlobalSection(ProjectConfigurationPlatforms) = postSolution
		{43263DC1-F38F-42A2-9655-91A25BBEF17D}.Debug|Any CPU.ActiveCfg = Debug|Any CPU
		{43263DC1-F38F-42A2-9655-91A25BBEF17D}.Debug|Any CPU.Build.0 = Debug|Any CPU
		{43263DC1-F38F-42A2-9655-91A25BBEF17D}.Release|Any CPU.ActiveCfg = Release|Any CPU
		{43263DC1-F38F-42A2-9655-91A25BBEF17D}.Release|Any CPU.Build.0 = Release|Any CPU
	EndGlobalSection
	GlobalSection(SolutionProperties) = preSolution
		HideSolutionNode = FALSE
	EndGlobalSection
	GlobalSection(ExtensibilityGlobals) = postSolution
		SolutionGuid = {040AA765-DE19-48A2-A227-BBDA14D0533F}
	EndGlobalSection
EndGlobal
